
Microsoft Visual Studio Solution File, Format Version 12.00
# Visual Studio Version 17
VisualStudioVersion = 17.5.33502.453
MinimumVisualStudioVersion = 10.0.40219.1
Project("{FAE04EC0-301F-11D3-BF4B-00C04F79EFBC}") = "csharp-oop-shop", "csharp-oop-shop.csproj", "{1F5AF3EC-70D6-4018-A2A4-989D2A673513}"
EndProject
Global
	GlobalSection(SolutionConfigurationPlatforms) = preSolution
		Debug|Any CPU = Debug|Any CPU
		Release|Any CPU = Release|Any CPU
	EndGlobalSection
	GlobalSection(ProjectConfigurationPlatforms) = postSolution
		{1F5AF3EC-70D6-4018-A2A4-989D2A673513}.Debug|Any CPU.ActiveCfg = Debug|Any CPU
		{1F5AF3EC-70D6-4018-A2A4-989D2A673513}.Debug|Any CPU.Build.0 = Debug|Any CPU
		{1F5AF3EC-70D6-4018-A2A4-989D2A673513}.Release|Any CPU.ActiveCfg = Release|Any CPU
		{1F5AF3EC-70D6-4018-A2A4-989D2A673513}.Release|Any CPU.Build.0 = Release|Any CPU
	EndGlobalSection
	GlobalSection(SolutionProperties) = preSolution
		HideSolutionNode = FALSE
	EndGlobalSection
	GlobalSection(ExtensibilityGlobals) = postSolution
		SolutionGuid = {CBF9EB87-2B0A-47B1-88BB-39531364C5C3}
	EndGlobalSection
EndGlobal
